
Microsoft Visual Studio Solution File, Format Version 12.00
# Visual Studio Version 17
VisualStudioVersion = 17.13.35931.197
MinimumVisualStudioVersion = 10.0.40219.1
Project("{8BC9CEB8-8B4A-11D0-8D11-00A0C91BC942}") = "SampleCppApp", "SampleCppApp\SampleCppApp.vcxproj", "{833BA02D-6A16-4859-9536-FFC99969B5D5}"
EndProject
Project("{8BC9CEB8-8B4A-11D0-8D11-00A0C91BC942}") = "SampleComDll", "SampleComDll\SampleComDll.vcxproj", "{E7E4E82A-8858-4AA2-982C-AEE222D8FB36}"
EndProject
Project("{8BC9CEB8-8B4A-11D0-8D11-00A0C91BC942}") = "SampleAtlProj", "SampleAtlProj\SampleAtlProj.vcxproj", "{51F6EA4C-14EA-0469-BEAE-15A96CE4AA43}"
EndProject
Project("{FAE04EC0-301F-11D3-BF4B-00C04F79EFBC}") = "CSharpComClient", "CSharpComClient\CSharpComClient.csproj", "{86A64F98-8863-4B48-BB99-C242F5C6CADD}"
EndProject
Global
	GlobalSection(SolutionConfigurationPlatforms) = preSolution
		Debug|Any CPU = Debug|Any CPU
		Debug|x64 = Debug|x64
		Debug|x86 = Debug|x86
		Release|Any CPU = Release|Any CPU
		Release|x64 = Release|x64
		Release|x86 = Release|x86
	EndGlobalSection
	GlobalSection(ProjectConfigurationPlatforms) = postSolution
		{833BA02D-6A16-4859-9536-FFC99969B5D5}.Debug|Any CPU.ActiveCfg = Debug|x64
		{833BA02D-6A16-4859-9536-FFC99969B5D5}.Debug|Any CPU.Build.0 = Debug|x64
		{833BA02D-6A16-4859-9536-FFC99969B5D5}.Debug|x64.ActiveCfg = Debug|x64
		{833BA02D-6A16-4859-9536-FFC99969B5D5}.Debug|x64.Build.0 = Debug|x64
		{833BA02D-6A16-4859-9536-FFC99969B5D5}.Debug|x86.ActiveCfg = Debug|Win32
		{833BA02D-6A16-4859-9536-FFC99969B5D5}.Debug|x86.Build.0 = Debug|Win32
		{833BA02D-6A16-4859-9536-FFC99969B5D5}.Release|Any CPU.ActiveCfg = Release|x64
		{833BA02D-6A16-4859-9536-FFC99969B5D5}.Release|Any CPU.Build.0 = Release|x64
		{833BA02D-6A16-4859-9536-FFC99969B5D5}.Release|x64.ActiveCfg = Release|x64
		{833BA02D-6A16-4859-9536-FFC99969B5D5}.Release|x64.Build.0 = Release|x64
		{833BA02D-6A16-4859-9536-FFC99969B5D5}.Release|x86.ActiveCfg = Release|Win32
		{833BA02D-6A16-4859-9536-FFC99969B5D5}.Release|x86.Build.0 = Release|Win32
		{E7E4E82A-8858-4AA2-982C-AEE222D8FB36}.Debug|Any CPU.ActiveCfg = Debug|x64
		{E7E4E82A-8858-4AA2-982C-AEE222D8FB36}.Debug|Any CPU.Build.0 = Debug|x64
		{E7E4E82A-8858-4AA2-982C-AEE222D8FB36}.Debug|x64.ActiveCfg = Debug|x64
		{E7E4E82A-8858-4AA2-982C-AEE222D8FB36}.Debug|x64.Build.0 = Debug|x64
		{E7E4E82A-8858-4AA2-982C-AEE222D8FB36}.Debug|x86.ActiveCfg = Debug|Win32
		{E7E4E82A-8858-4AA2-982C-AEE222D8FB36}.Debug|x86.Build.0 = Debug|Win32
		{E7E4E82A-8858-4AA2-982C-AEE222D8FB36}.Release|Any CPU.ActiveCfg = Release|x64
		{E7E4E82A-8858-4AA2-982C-AEE222D8FB36}.Release|Any CPU.Build.0 = Release|x64
		{E7E4E82A-8858-4AA2-982C-AEE222D8FB36}.Release|x64.ActiveCfg = Release|x64
		{E7E4E82A-8858-4AA2-982C-AEE222D8FB36}.Release|x64.Build.0 = Release|x64
		{E7E4E82A-8858-4AA2-982C-AEE222D8FB36}.Release|x86.ActiveCfg = Release|Win32
		{E7E4E82A-8858-4AA2-982C-AEE222D8FB36}.Release|x86.Build.0 = Release|Win32
		{51F6EA4C-14EA-0469-BEAE-15A96CE4AA43}.Debug|Any CPU.ActiveCfg = Debug|x64
		{51F6EA4C-14EA-0469-BEAE-15A96CE4AA43}.Debug|Any CPU.Build.0 = Debug|x64
		{51F6EA4C-14EA-0469-BEAE-15A96CE4AA43}.Debug|x64.ActiveCfg = Debug|x64
		{51F6EA4C-14EA-0469-BEAE-15A96CE4AA43}.Debug|x64.Build.0 = Debug|x64
		{51F6EA4C-14EA-0469-BEAE-15A96CE4AA43}.Debug|x86.ActiveCfg = Debug|Win32
		{51F6EA4C-14EA-0469-BEAE-15A96CE4AA43}.Debug|x86.Build.0 = Debug|Win32
		{51F6EA4C-14EA-0469-BEAE-15A96CE4AA43}.Release|Any CPU.ActiveCfg = Release|x64
		{51F6EA4C-14EA-0469-BEAE-15A96CE4AA43}.Release|Any CPU.Build.0 = Release|x64
		{51F6EA4C-14EA-0469-BEAE-15A96CE4AA43}.Release|x64.ActiveCfg = Release|x64
		{51F6EA4C-14EA-0469-BEAE-15A96CE4AA43}.Release|x64.Build.0 = Release|x64
		{51F6EA4C-14EA-0469-BEAE-15A96CE4AA43}.Release|x86.ActiveCfg = Release|Win32
		{51F6EA4C-14EA-0469-BEAE-15A96CE4AA43}.Release|x86.Build.0 = Release|Win32
		{86A64F98-8863-4B48-BB99-C242F5C6CADD}.Debug|Any CPU.ActiveCfg = Debug|Any CPU
		{86A64F98-8863-4B48-BB99-C242F5C6CADD}.Debug|Any CPU.Build.0 = Debug|Any CPU
		{86A64F98-8863-4B48-BB99-C242F5C6CADD}.Debug|x64.ActiveCfg = Debug|Any CPU
		{86A64F98-8863-4B48-BB99-C242F5C6CADD}.Debug|x64.Build.0 = Debug|Any CPU
		{86A64F98-8863-4B48-BB99-C242F5C6CADD}.Debug|x86.ActiveCfg = Debug|Any CPU
		{86A64F98-8863-4B48-BB99-C242F5C6CADD}.Debug|x86.Build.0 = Debug|Any CPU
		{86A64F98-8863-4B48-BB99-C242F5C6CADD}.Release|Any CPU.ActiveCfg = Release|Any CPU
		{86A64F98-8863-4B48-BB99-C242F5C6CADD}.Release|Any CPU.Build.0 = Release|Any CPU
		{86A64F98-8863-4B48-BB99-C242F5C6CADD}.Release|x64.ActiveCfg = Release|Any CPU
		{86A64F98-8863-4B48-BB99-C242F5C6CADD}.Release|x64.Build.0 = Release|Any CPU
		{86A64F98-8863-4B48-BB99-C242F5C6CADD}.Release|x86.ActiveCfg = Release|Any CPU
		{86A64F98-8863-4B48-BB99-C242F5C6CADD}.Release|x86.Build.0 = Release|Any CPU
	EndGlobalSection
	GlobalSection(SolutionProperties) = preSolution
		HideSolutionNode = FALSE
	EndGlobalSection
	GlobalSection(ExtensibilityGlobals) = postSolution
		SolutionGuid = {572599F9-A4CB-4D6B-8EE5-34E950AF1E90}
	EndGlobalSection
EndGlobal
